
Microsoft Visual Studio Solution File, Format Version 12.00
# Visual Studio Version 16
VisualStudioVersion = 16.0.31005.135
MinimumVisualStudioVersion = 10.0.40219.1
Project("{FAE04EC0-301F-11D3-BF4B-00C04F79EFBC}") = "Week 2 Activity 4", "Week 2 Activity 4\Week 2 Activity 4.csproj", "{B2053B4E-3429-4C52-9757-4F322606F860}"
EndProject
Global
	GlobalSection(SolutionConfigurationPlatforms) = preSolution
		Debug|Any CPU = Debug|Any CPU
		Release|Any CPU = Release|Any CPU
	EndGlobalSection
	GlobalSection(ProjectConfigurationPlatforms) = postSolution
		{B2053B4E-3429-4C52-9757-4F322606F860}.Debug|Any CPU.ActiveCfg = Debug|Any CPU
		{B2053B4E-3429-4C52-9757-4F322606F860}.Debug|Any CPU.Build.0 = Debug|Any CPU
		{B2053B4E-3429-4C52-9757-4F322606F860}.Release|Any CPU.ActiveCfg = Release|Any CPU
		{B2053B4E-3429-4C52-9757-4F322606F860}.Release|Any CPU.Build.0 = Release|Any CPU
	EndGlobalSection
	GlobalSection(SolutionProperties) = preSolution
		HideSolutionNode = FALSE
	EndGlobalSection
	GlobalSection(ExtensibilityGlobals) = postSolution
		SolutionGuid = {2208E8A9-5A46-4690-8424-DB55969D2C04}
	EndGlobalSection
EndGlobal
